
Microsoft Visual Studio Solution File, Format Version 12.00
# Visual Studio 14
VisualStudioVersion = 14.0.25029.0
MinimumVisualStudioVersion = 10.0.40219.1
Project("{FAE04EC0-301F-11D3-BF4B-00C04F79EFBC}") = "RaysHotDogs.Core", "RaysHotDogs.Core\RaysHotDogs.Core.csproj", "{88DEC0EC-99D1-4DA1-8942-F76C6181219E}"
EndProject
Project("{FAE04EC0-301F-11D3-BF4B-00C04F79EFBC}") = "RaysHotDogs", "RaysHotDogs\RaysHotDogs.csproj", "{855DC407-02DD-4BA9-A6BB-E25DCBFA9C8B}"
EndProject
Global
	GlobalSection(SolutionConfigurationPlatforms) = preSolution
		Debug|Any CPU = Debug|Any CPU
		Release|Any CPU = Release|Any CPU
	EndGlobalSection
	GlobalSection(ProjectConfigurationPlatforms) = postSolution
		{88DEC0EC-99D1-4DA1-8942-F76C6181219E}.Debug|Any CPU.ActiveCfg = Debug|Any CPU
		{88DEC0EC-99D1-4DA1-8942-F76C6181219E}.Debug|Any CPU.Build.0 = Debug|Any CPU
		{88DEC0EC-99D1-4DA1-8942-F76C6181219E}.Release|Any CPU.ActiveCfg = Release|Any CPU
		{88DEC0EC-99D1-4DA1-8942-F76C6181219E}.Release|Any CPU.Build.0 = Release|Any CPU
		{855DC407-02DD-4BA9-A6BB-E25DCBFA9C8B}.Debug|Any CPU.ActiveCfg = Debug|Any CPU
		{855DC407-02DD-4BA9-A6BB-E25DCBFA9C8B}.Debug|Any CPU.Build.0 = Debug|Any CPU
		{855DC407-02DD-4BA9-A6BB-E25DCBFA9C8B}.Debug|Any CPU.Deploy.0 = Debug|Any CPU
		{855DC407-02DD-4BA9-A6BB-E25DCBFA9C8B}.Release|Any CPU.ActiveCfg = Release|Any CPU
		{855DC407-02DD-4BA9-A6BB-E25DCBFA9C8B}.Release|Any CPU.Build.0 = Release|Any CPU
		{855DC407-02DD-4BA9-A6BB-E25DCBFA9C8B}.Release|Any CPU.Deploy.0 = Release|Any CPU
	EndGlobalSection
	GlobalSection(SolutionProperties) = preSolution
		HideSolutionNode = FALSE
	EndGlobalSection
EndGlobal
